
Microsoft Visual Studio Solution File, Format Version 12.00
# Visual Studio Version 17
VisualStudioVersion = 17.5.002.0
MinimumVisualStudioVersion = 10.0.40219.1
Project("{9A19103F-16F7-4668-BE54-9A1E7A4F7556}") = "practica3-JosueMoraga", "practica3-JosueMoraga.csproj", "{9B4B2995-1393-40E0-913B-ACDB5F6F05D0}"
EndProject
Global
	GlobalSection(SolutionConfigurationPlatforms) = preSolution
		Debug|Any CPU = Debug|Any CPU
		Release|Any CPU = Release|Any CPU
	EndGlobalSection
	GlobalSection(ProjectConfigurationPlatforms) = postSolution
		{9B4B2995-1393-40E0-913B-ACDB5F6F05D0}.Debug|Any CPU.ActiveCfg = Debug|Any CPU
		{9B4B2995-1393-40E0-913B-ACDB5F6F05D0}.Debug|Any CPU.Build.0 = Debug|Any CPU
		{9B4B2995-1393-40E0-913B-ACDB5F6F05D0}.Release|Any CPU.ActiveCfg = Release|Any CPU
		{9B4B2995-1393-40E0-913B-ACDB5F6F05D0}.Release|Any CPU.Build.0 = Release|Any CPU
	EndGlobalSection
	GlobalSection(SolutionProperties) = preSolution
		HideSolutionNode = FALSE
	EndGlobalSection
	GlobalSection(ExtensibilityGlobals) = postSolution
		SolutionGuid = {1F0D1191-B0BB-4FEA-B45B-92D27952AF96}
	EndGlobalSection
EndGlobal
